{
  "version": 4,
  "terraform_version": "1.9.5",
  "serial": 72,
  "lineage": "600917f7-43d0-a716-e149-09e592105309",
  "outputs": {
    "cluster_ca_certificate": {
      "value": "LS0tLS1CRUdJTiBDRVJUSUZJQ0FURS0tLS0tCk1JSURCVENDQWUyZ0F3SUJBZ0lJWTRac2ZCNlVKZUl3RFFZSktvWklodmNOQVFFTEJRQXdGVEVUTUJFR0ExVUUKQXhNS2EzVmlaWEp1WlhSbGN6QWVGdzB5TkRFeU1ERXhORE14TkRaYUZ3MHpOREV4TWpreE5ETTJORFphTUJVeApFekFSQmdOVkJBTVRDbXQxWW1WeWJtVjBaWE13Z2dFaU1BMEdDU3FHU0liM0RRRUJBUVVBQTRJQkR3QXdnZ0VLCkFvSUJBUUMrMmtqb29YSWlMbVBCSmtyTldpM0FvWmxkWTJ3R1dNdEVmQm00M3pRcU9SOU5RZ0pOYVJqZ0N6eXYKdDVCeEpMZWxwOTZvQ3hqQ3VDcnJxekFSTURyWGc3OWtpUFhjZEVoTVlZZ2dTZks3aGNRZGVZc09rMFlZTHZRZQpwMktjOUZNckdJMGpJMWFjSDdsTyt0cEpSY0JzanNLUjJaYVZjNGcwTXZCVVd1eGNCRmQwL3ZGam9TQUs4Z0Z1ClBBVjdxK3FNb3A2SlRjUmhlVXRBcXhZK3NyQTVLY2NLTFlRdVUwNnVUQm9kcEgrR0NTNzhXcHo5UlVsRHp5NmEKc3YydEw5Z05uOG5CMXd1a1FydWtZaGdLN3luNGFldUZxVUwwM3NsYTVyYnJaakx1UEVaNTlRTXIwMlJic0o1OQpwdnpuQS9xSmkyVTZHWDZJSXpuQ0pFTFMrZ3h2QWdNQkFBR2pXVEJYTUE0R0ExVWREd0VCL3dRRUF3SUNwREFQCkJnTlZIUk1CQWY4RUJUQURBUUgvTUIwR0ExVWREZ1FXQkJRU2pGdlRrblh6L0FjVkdxNlRmVUtZbnE4V1BqQVYKQmdOVkhSRUVEakFNZ2dwcmRXSmxjbTVsZEdWek1BMEdDU3FHU0liM0RRRUJDd1VBQTRJQkFRQzNqOTlQK1E4QgpoSFFjV3NPR2lTZ2V6dkxnc0M5RVQvV0l1NGcxTUtZVDVIUEtOK1FLSmlRNndtdlhydlVvdkIvVU4zR0JlTmwzClRzcnVlZVpjM2lzY3k3R04vMFB0aFMvWWJQRVhROVJPYzlLV0UvMFZMcVZJcklzR1JRUTYwM1BuK3N6NXVKcVcKUWpaN2dsT1grcmJUdlZQU3hyZGdkY1hmVjdKUnhkNENna3ZVdzY3VTJaTlFoR1J1cWZtcy91VlRXb2lIUGRlSQpOL1JoSE4ySkY5RlVrVjVlZWtSMWl1TjJtV2l1Z3dDY3NPeVRjUUpiWWN5SS9GckwwanlsRWVKYTVTZnJXWWQwCjI4ckg5Y0k5WktiOE0zNFB6LzFudmpOL054ZTZub3VLTTlEMmlSWWJteWhBWFlwY3haY3F4N2t4TXlsdjNrZ3cKT0lhWTNGUzNtWi81Ci0tLS0tRU5EIENFUlRJRklDQVRFLS0tLS0K",
      "type": "string"
    },
    "cluster_endpoint": {
      "value": "https://0205078B98D65E5C2652E2F9B935A01D.gr7.us-east-1.eks.amazonaws.com",
      "type": "string"
    },
    "cluster_name": {
      "value": "eks-cluster",
      "type": "string"
    },
    "kubeconfig": {
      "value": "apiVersion: v1\nclusters:\n- cluster:\n    server: https://0205078B98D65E5C2652E2F9B935A01D.gr7.us-east-1.eks.amazonaws.com\n    certificate-authority-data: LS0tLS1CRUdJTiBDRVJUSUZJQ0FURS0tLS0tCk1JSURCVENDQWUyZ0F3SUJBZ0lJWTRac2ZCNlVKZUl3RFFZSktvWklodmNOQVFFTEJRQXdGVEVUTUJFR0ExVUUKQXhNS2EzVmlaWEp1WlhSbGN6QWVGdzB5TkRFeU1ERXhORE14TkRaYUZ3MHpOREV4TWpreE5ETTJORFphTUJVeApFekFSQmdOVkJBTVRDbXQxWW1WeWJtVjBaWE13Z2dFaU1BMEdDU3FHU0liM0RRRUJBUVVBQTRJQkR3QXdnZ0VLCkFvSUJBUUMrMmtqb29YSWlMbVBCSmtyTldpM0FvWmxkWTJ3R1dNdEVmQm00M3pRcU9SOU5RZ0pOYVJqZ0N6eXYKdDVCeEpMZWxwOTZvQ3hqQ3VDcnJxekFSTURyWGc3OWtpUFhjZEVoTVlZZ2dTZks3aGNRZGVZc09rMFlZTHZRZQpwMktjOUZNckdJMGpJMWFjSDdsTyt0cEpSY0JzanNLUjJaYVZjNGcwTXZCVVd1eGNCRmQwL3ZGam9TQUs4Z0Z1ClBBVjdxK3FNb3A2SlRjUmhlVXRBcXhZK3NyQTVLY2NLTFlRdVUwNnVUQm9kcEgrR0NTNzhXcHo5UlVsRHp5NmEKc3YydEw5Z05uOG5CMXd1a1FydWtZaGdLN3luNGFldUZxVUwwM3NsYTVyYnJaakx1UEVaNTlRTXIwMlJic0o1OQpwdnpuQS9xSmkyVTZHWDZJSXpuQ0pFTFMrZ3h2QWdNQkFBR2pXVEJYTUE0R0ExVWREd0VCL3dRRUF3SUNwREFQCkJnTlZIUk1CQWY4RUJUQURBUUgvTUIwR0ExVWREZ1FXQkJRU2pGdlRrblh6L0FjVkdxNlRmVUtZbnE4V1BqQVYKQmdOVkhSRUVEakFNZ2dwcmRXSmxjbTVsZEdWek1BMEdDU3FHU0liM0RRRUJDd1VBQTRJQkFRQzNqOTlQK1E4QgpoSFFjV3NPR2lTZ2V6dkxnc0M5RVQvV0l1NGcxTUtZVDVIUEtOK1FLSmlRNndtdlhydlVvdkIvVU4zR0JlTmwzClRzcnVlZVpjM2lzY3k3R04vMFB0aFMvWWJQRVhROVJPYzlLV0UvMFZMcVZJcklzR1JRUTYwM1BuK3N6NXVKcVcKUWpaN2dsT1grcmJUdlZQU3hyZGdkY1hmVjdKUnhkNENna3ZVdzY3VTJaTlFoR1J1cWZtcy91VlRXb2lIUGRlSQpOL1JoSE4ySkY5RlVrVjVlZWtSMWl1TjJtV2l1Z3dDY3NPeVRjUUpiWWN5SS9GckwwanlsRWVKYTVTZnJXWWQwCjI4ckg5Y0k5WktiOE0zNFB6LzFudmpOL054ZTZub3VLTTlEMmlSWWJteWhBWFlwY3haY3F4N2t4TXlsdjNrZ3cKT0lhWTNGUzNtWi81Ci0tLS0tRU5EIENFUlRJRklDQVRFLS0tLS0K\n  name: eks-cluster\ncontexts:\n- context:\n    cluster: eks-cluster\n    user: eks-cluster-user\n  name: eks-cluster\ncurrent-context: eks-cluster\nkind: Config\npreferences: {}\nusers:\n- name: eks-cluster-user\n  user:\n    exec:\n      apiVersion: client.authentication.k8s.io/v1beta1\n      command: aws-iam-authenticator\n      args:\n        - \"token\"\n        - \"-i\"\n        - eks-cluster\n",
      "type": "string"
    }
  },
  "resources": [
    {
      "mode": "data",
      "type": "aws_availability_zones",
      "name": "available",
      "provider": "provider[\"registry.terraform.io/hashicorp/aws\"]",
      "instances": [
        {
          "schema_version": 0,
          "attributes": {
            "all_availability_zones": null,
            "exclude_names": null,
            "exclude_zone_ids": null,
            "filter": null,
            "group_names": [
              "us-east-1"
            ],
            "id": "us-east-1",
            "names": [
              "us-east-1a",
              "us-east-1b",
              "us-east-1c",
              "us-east-1d",
              "us-east-1e",
              "us-east-1f"
            ],
            "state": null,
            "timeouts": null,
            "zone_ids": [
              "use1-az6",
              "use1-az1",
              "use1-az2",
              "use1-az4",
              "use1-az3",
              "use1-az5"
            ]
          },
          "sensitive_attributes": []
        }
      ]
    },
    {
      "mode": "data",
      "type": "aws_eks_cluster",
      "name": "cluster",
      "provider": "provider[\"registry.terraform.io/hashicorp/aws\"]",
      "instances": [
        {
          "schema_version": 0,
          "attributes": {
            "access_config": [
              {
                "authentication_mode": "CONFIG_MAP",
                "bootstrap_cluster_creator_admin_permissions": true
              }
            ],
            "arn": "arn:aws:eks:us-east-1:875456072639:cluster/eks-cluster",
            "certificate_authority": [
              {
                "data": "LS0tLS1CRUdJTiBDRVJUSUZJQ0FURS0tLS0tCk1JSURCVENDQWUyZ0F3SUJBZ0lJWTRac2ZCNlVKZUl3RFFZSktvWklodmNOQVFFTEJRQXdGVEVUTUJFR0ExVUUKQXhNS2EzVmlaWEp1WlhSbGN6QWVGdzB5TkRFeU1ERXhORE14TkRaYUZ3MHpOREV4TWpreE5ETTJORFphTUJVeApFekFSQmdOVkJBTVRDbXQxWW1WeWJtVjBaWE13Z2dFaU1BMEdDU3FHU0liM0RRRUJBUVVBQTRJQkR3QXdnZ0VLCkFvSUJBUUMrMmtqb29YSWlMbVBCSmtyTldpM0FvWmxkWTJ3R1dNdEVmQm00M3pRcU9SOU5RZ0pOYVJqZ0N6eXYKdDVCeEpMZWxwOTZvQ3hqQ3VDcnJxekFSTURyWGc3OWtpUFhjZEVoTVlZZ2dTZks3aGNRZGVZc09rMFlZTHZRZQpwMktjOUZNckdJMGpJMWFjSDdsTyt0cEpSY0JzanNLUjJaYVZjNGcwTXZCVVd1eGNCRmQwL3ZGam9TQUs4Z0Z1ClBBVjdxK3FNb3A2SlRjUmhlVXRBcXhZK3NyQTVLY2NLTFlRdVUwNnVUQm9kcEgrR0NTNzhXcHo5UlVsRHp5NmEKc3YydEw5Z05uOG5CMXd1a1FydWtZaGdLN3luNGFldUZxVUwwM3NsYTVyYnJaakx1UEVaNTlRTXIwMlJic0o1OQpwdnpuQS9xSmkyVTZHWDZJSXpuQ0pFTFMrZ3h2QWdNQkFBR2pXVEJYTUE0R0ExVWREd0VCL3dRRUF3SUNwREFQCkJnTlZIUk1CQWY4RUJUQURBUUgvTUIwR0ExVWREZ1FXQkJRU2pGdlRrblh6L0FjVkdxNlRmVUtZbnE4V1BqQVYKQmdOVkhSRUVEakFNZ2dwcmRXSmxjbTVsZEdWek1BMEdDU3FHU0liM0RRRUJDd1VBQTRJQkFRQzNqOTlQK1E4QgpoSFFjV3NPR2lTZ2V6dkxnc0M5RVQvV0l1NGcxTUtZVDVIUEtOK1FLSmlRNndtdlhydlVvdkIvVU4zR0JlTmwzClRzcnVlZVpjM2lzY3k3R04vMFB0aFMvWWJQRVhROVJPYzlLV0UvMFZMcVZJcklzR1JRUTYwM1BuK3N6NXVKcVcKUWpaN2dsT1grcmJUdlZQU3hyZGdkY1hmVjdKUnhkNENna3ZVdzY3VTJaTlFoR1J1cWZtcy91VlRXb2lIUGRlSQpOL1JoSE4ySkY5RlVrVjVlZWtSMWl1TjJtV2l1Z3dDY3NPeVRjUUpiWWN5SS9GckwwanlsRWVKYTVTZnJXWWQwCjI4ckg5Y0k5WktiOE0zNFB6LzFudmpOL054ZTZub3VLTTlEMmlSWWJteWhBWFlwY3haY3F4N2t4TXlsdjNrZ3cKT0lhWTNGUzNtWi81Ci0tLS0tRU5EIENFUlRJRklDQVRFLS0tLS0K"
              }
            ],
            "cluster_id": null,
            "created_at": "2024-12-01T14:32:03Z",
            "enabled_cluster_log_types": [],
            "endpoint": "https://0205078B98D65E5C2652E2F9B935A01D.gr7.us-east-1.eks.amazonaws.com",
            "id": "eks-cluster",
            "identity": [
              {
                "oidc": [
                  {
                    "issuer": "https://oidc.eks.us-east-1.amazonaws.com/id/0205078B98D65E5C2652E2F9B935A01D"
                  }
                ]
              }
            ],
            "kubernetes_network_config": [
              {
                "ip_family": "ipv4",
                "service_ipv4_cidr": "172.20.0.0/16",
                "service_ipv6_cidr": ""
              }
            ],
            "name": "eks-cluster",
            "outpost_config": [],
            "platform_version": "eks.12",
            "role_arn": "arn:aws:iam::875456072639:role/LabRole",
            "status": "ACTIVE",
            "tags": {
              "Name": "eks-cluster"
            },
            "upgrade_policy": [
              {
                "support_type": "EXTENDED"
              }
            ],
            "version": "1.31",
            "vpc_config": [
              {
                "cluster_security_group_id": "sg-04edd5c2f597728d5",
                "endpoint_private_access": false,
                "endpoint_public_access": true,
                "public_access_cidrs": [
                  "0.0.0.0/0"
                ],
                "security_group_ids": [],
                "subnet_ids": [
                  "subnet-0c6036aa41b4ac51d",
                  "subnet-0e8d0784e4e95c9a8"
                ],
                "vpc_id": "vpc-0cf8a9b5f41ab80a7"
              }
            ],
            "zonal_shift_config": []
          },
          "sensitive_attributes": []
        }
      ]
    },
    {
      "mode": "data",
      "type": "aws_eks_cluster_auth",
      "name": "cluster",
      "provider": "provider[\"registry.terraform.io/hashicorp/aws\"]",
      "instances": [
        {
          "schema_version": 0,
          "attributes": {
            "id": "eks-cluster",
            "name": "eks-cluster",
            "token": "k8s-aws-v1.aHR0cHM6Ly9zdHMudXMtZWFzdC0xLmFtYXpvbmF3cy5jb20vP0FjdGlvbj1HZXRDYWxsZXJJZGVudGl0eSZWZXJzaW9uPTIwMTEtMDYtMTUmWC1BbXotQWxnb3JpdGhtPUFXUzQtSE1BQy1TSEEyNTYmWC1BbXotQ3JlZGVudGlhbD1BU0lBNFhWSjdSTzc0RlhJS0pDNyUyRjIwMjQxMjAxJTJGdXMtZWFzdC0xJTJGc3RzJTJGYXdzNF9yZXF1ZXN0JlgtQW16LURhdGU9MjAyNDEyMDFUMjA0MjIwWiZYLUFtei1FeHBpcmVzPTAmWC1BbXotU2VjdXJpdHktVG9rZW49SVFvSmIzSnBaMmx1WDJWakVBTWFDWFZ6TFhkbGMzUXRNaUpITUVVQ0lFQWNtWTh1aVV5UEFaMFBycmpxQThlcXZaQjEzJTJGREw5TUtSQ3BZbldOVmpBaUVBcGtqSWRIOUY5U2ExM2x1aHFCZFdQOW9HRG5yd0s5WVE4SVdHeDFPRENSRXF1d0lJclAlMkYlMkYlMkYlMkYlMkYlMkYlMkYlMkYlMkYlMkZBUkFBR2d3NE56VTBOVFl3TnpJMk16a2lERERyTVQ5emM3eXd4Q1E3U3lxUEFwdm1QanlzQmhDQ1loVGNQN25ybXhDNFR5T05sQXYlMkJQYXZjWkQlMkIwUjFrQlklMkJvaVpLYlBMOUElMkJzWERMMGV5NjhOWmdlRlZzJTJGV01KcFV6bm5RNGVjS3BrbmlIYlRDQWZlRTA5WTMlMkZUJTJGJTJGZDZHSDR0blpFbDJ1R25ZN1pac2JFVnZvY2FwMTNaTHloU2hPNzBsbVc1bXBRTHluSVhLcXIlMkJMbFhoRm9QWW5US1ByYWZTZXJ0Z0hOams4OXlZNkZEWmpQOW16ME9EelclMkZIbjZZaWZESHdaZU1MJTJGeXoyTm93Y3F2MWtVY1AlMkZ6M2ZQRU5ZWkQwSzhNNVolMkIzclNlN205RTUlMkZ4enJZJTJCN2x1UnN0Q1N1S0ljZ2JZOEVCdFdFV0Q2NFUyblhqbTZ6OTRTRjN3cWVuOEU2T1dYbU56ZEVGVm9IMzFWJTJGOFlna3QzOEd3WVZmUlElMkZTcFB3TFp0Y25qbDVIR3lwdnJUY2h5c1V3anRheXVnWTZuUUg5M3hsdU1QelhlUVFMZWljd2ZDOWx0TWtydW1iNXpPVGh6RWNTdjVURkFZQnBWb3ZHNUVHQWRNY0RYd2lHNCUyQmN1MEk5R1lUT2dZJTJGSWl4TnNVSE95NmdCQ1VuNncwalN2VDBlN3BnM0tOZXU2TUlXRms0VHhvYThhJTJCNERpVm93Unk1JTJCeUpxeWVJNjNGVERvZkM5TE9aUEU4bzg3YmdCR00lMkYyVzhEayUyRkhYbyUyRjZkTENzVDcwTTJpNExlcVglMkZTaFhDJTJGcmtpajVOb3c5Y2JkNnluTiZYLUFtei1TaWduZWRIZWFkZXJzPWhvc3QlM0J4LWs4cy1hd3MtaWQmWC1BbXotU2lnbmF0dXJlPWE3NmEzOTFjM2RjMTgyNWYyNTY3Mzc5YTgwYmU0YjEyZWU3N2JiNjQyYmM0ZTMyMGVlMzdiODQ0ZjdkM2JhZDE"
          },
          "sensitive_attributes": [
            [
              {
                "type": "get_attr",
                "value": "token"
              }
            ]
          ]
        }
      ]
    },
    {
      "mode": "data",
      "type": "aws_eks_cluster_auth",
      "name": "eks_auth",
      "provider": "provider[\"registry.terraform.io/hashicorp/aws\"]",
      "instances": [
        {
          "schema_version": 0,
          "attributes": {
            "id": "eks-cluster",
            "name": "eks-cluster",
            "token": "k8s-aws-v1.aHR0cHM6Ly9zdHMudXMtZWFzdC0xLmFtYXpvbmF3cy5jb20vP0FjdGlvbj1HZXRDYWxsZXJJZGVudGl0eSZWZXJzaW9uPTIwMTEtMDYtMTUmWC1BbXotQWxnb3JpdGhtPUFXUzQtSE1BQy1TSEEyNTYmWC1BbXotQ3JlZGVudGlhbD1BU0lBNFhWSjdSTzc0RlhJS0pDNyUyRjIwMjQxMjAxJTJGdXMtZWFzdC0xJTJGc3RzJTJGYXdzNF9yZXF1ZXN0JlgtQW16LURhdGU9MjAyNDEyMDFUMjA0MjIwWiZYLUFtei1FeHBpcmVzPTAmWC1BbXotU2VjdXJpdHktVG9rZW49SVFvSmIzSnBaMmx1WDJWakVBTWFDWFZ6TFhkbGMzUXRNaUpITUVVQ0lFQWNtWTh1aVV5UEFaMFBycmpxQThlcXZaQjEzJTJGREw5TUtSQ3BZbldOVmpBaUVBcGtqSWRIOUY5U2ExM2x1aHFCZFdQOW9HRG5yd0s5WVE4SVdHeDFPRENSRXF1d0lJclAlMkYlMkYlMkYlMkYlMkYlMkYlMkYlMkYlMkYlMkZBUkFBR2d3NE56VTBOVFl3TnpJMk16a2lERERyTVQ5emM3eXd4Q1E3U3lxUEFwdm1QanlzQmhDQ1loVGNQN25ybXhDNFR5T05sQXYlMkJQYXZjWkQlMkIwUjFrQlklMkJvaVpLYlBMOUElMkJzWERMMGV5NjhOWmdlRlZzJTJGV01KcFV6bm5RNGVjS3BrbmlIYlRDQWZlRTA5WTMlMkZUJTJGJTJGZDZHSDR0blpFbDJ1R25ZN1pac2JFVnZvY2FwMTNaTHloU2hPNzBsbVc1bXBRTHluSVhLcXIlMkJMbFhoRm9QWW5US1ByYWZTZXJ0Z0hOams4OXlZNkZEWmpQOW16ME9EelclMkZIbjZZaWZESHdaZU1MJTJGeXoyTm93Y3F2MWtVY1AlMkZ6M2ZQRU5ZWkQwSzhNNVolMkIzclNlN205RTUlMkZ4enJZJTJCN2x1UnN0Q1N1S0ljZ2JZOEVCdFdFV0Q2NFUyblhqbTZ6OTRTRjN3cWVuOEU2T1dYbU56ZEVGVm9IMzFWJTJGOFlna3QzOEd3WVZmUlElMkZTcFB3TFp0Y25qbDVIR3lwdnJUY2h5c1V3anRheXVnWTZuUUg5M3hsdU1QelhlUVFMZWljd2ZDOWx0TWtydW1iNXpPVGh6RWNTdjVURkFZQnBWb3ZHNUVHQWRNY0RYd2lHNCUyQmN1MEk5R1lUT2dZJTJGSWl4TnNVSE95NmdCQ1VuNncwalN2VDBlN3BnM0tOZXU2TUlXRms0VHhvYThhJTJCNERpVm93Unk1JTJCeUpxeWVJNjNGVERvZkM5TE9aUEU4bzg3YmdCR00lMkYyVzhEayUyRkhYbyUyRjZkTENzVDcwTTJpNExlcVglMkZTaFhDJTJGcmtpajVOb3c5Y2JkNnluTiZYLUFtei1TaWduZWRIZWFkZXJzPWhvc3QlM0J4LWs4cy1hd3MtaWQmWC1BbXotU2lnbmF0dXJlPWE3NmEzOTFjM2RjMTgyNWYyNTY3Mzc5YTgwYmU0YjEyZWU3N2JiNjQyYmM0ZTMyMGVlMzdiODQ0ZjdkM2JhZDE"
          },
          "sensitive_attributes": [
            [
              {
                "type": "get_attr",
                "value": "token"
              }
            ]
          ]
        }
      ]
    },
    {
      "mode": "managed",
      "type": "aws_eks_cluster",
      "name": "eks_cluster",
      "provider": "provider[\"registry.terraform.io/hashicorp/aws\"]",
      "instances": [
        {
          "schema_version": 1,
          "attributes": {
            "access_config": [
              {
                "authentication_mode": "CONFIG_MAP",
                "bootstrap_cluster_creator_admin_permissions": true
              }
            ],
            "arn": "arn:aws:eks:us-east-1:875456072639:cluster/eks-cluster",
            "bootstrap_self_managed_addons": true,
            "certificate_authority": [
              {
                "data": "LS0tLS1CRUdJTiBDRVJUSUZJQ0FURS0tLS0tCk1JSURCVENDQWUyZ0F3SUJBZ0lJWTRac2ZCNlVKZUl3RFFZSktvWklodmNOQVFFTEJRQXdGVEVUTUJFR0ExVUUKQXhNS2EzVmlaWEp1WlhSbGN6QWVGdzB5TkRFeU1ERXhORE14TkRaYUZ3MHpOREV4TWpreE5ETTJORFphTUJVeApFekFSQmdOVkJBTVRDbXQxWW1WeWJtVjBaWE13Z2dFaU1BMEdDU3FHU0liM0RRRUJBUVVBQTRJQkR3QXdnZ0VLCkFvSUJBUUMrMmtqb29YSWlMbVBCSmtyTldpM0FvWmxkWTJ3R1dNdEVmQm00M3pRcU9SOU5RZ0pOYVJqZ0N6eXYKdDVCeEpMZWxwOTZvQ3hqQ3VDcnJxekFSTURyWGc3OWtpUFhjZEVoTVlZZ2dTZks3aGNRZGVZc09rMFlZTHZRZQpwMktjOUZNckdJMGpJMWFjSDdsTyt0cEpSY0JzanNLUjJaYVZjNGcwTXZCVVd1eGNCRmQwL3ZGam9TQUs4Z0Z1ClBBVjdxK3FNb3A2SlRjUmhlVXRBcXhZK3NyQTVLY2NLTFlRdVUwNnVUQm9kcEgrR0NTNzhXcHo5UlVsRHp5NmEKc3YydEw5Z05uOG5CMXd1a1FydWtZaGdLN3luNGFldUZxVUwwM3NsYTVyYnJaakx1UEVaNTlRTXIwMlJic0o1OQpwdnpuQS9xSmkyVTZHWDZJSXpuQ0pFTFMrZ3h2QWdNQkFBR2pXVEJYTUE0R0ExVWREd0VCL3dRRUF3SUNwREFQCkJnTlZIUk1CQWY4RUJUQURBUUgvTUIwR0ExVWREZ1FXQkJRU2pGdlRrblh6L0FjVkdxNlRmVUtZbnE4V1BqQVYKQmdOVkhSRUVEakFNZ2dwcmRXSmxjbTVsZEdWek1BMEdDU3FHU0liM0RRRUJDd1VBQTRJQkFRQzNqOTlQK1E4QgpoSFFjV3NPR2lTZ2V6dkxnc0M5RVQvV0l1NGcxTUtZVDVIUEtOK1FLSmlRNndtdlhydlVvdkIvVU4zR0JlTmwzClRzcnVlZVpjM2lzY3k3R04vMFB0aFMvWWJQRVhROVJPYzlLV0UvMFZMcVZJcklzR1JRUTYwM1BuK3N6NXVKcVcKUWpaN2dsT1grcmJUdlZQU3hyZGdkY1hmVjdKUnhkNENna3ZVdzY3VTJaTlFoR1J1cWZtcy91VlRXb2lIUGRlSQpOL1JoSE4ySkY5RlVrVjVlZWtSMWl1TjJtV2l1Z3dDY3NPeVRjUUpiWWN5SS9GckwwanlsRWVKYTVTZnJXWWQwCjI4ckg5Y0k5WktiOE0zNFB6LzFudmpOL054ZTZub3VLTTlEMmlSWWJteWhBWFlwY3haY3F4N2t4TXlsdjNrZ3cKT0lhWTNGUzNtWi81Ci0tLS0tRU5EIENFUlRJRklDQVRFLS0tLS0K"
              }
            ],
            "cluster_id": null,
            "created_at": "2024-12-01T14:32:03Z",
            "enabled_cluster_log_types": [],
            "encryption_config": [],
            "endpoint": "https://0205078B98D65E5C2652E2F9B935A01D.gr7.us-east-1.eks.amazonaws.com",
            "id": "eks-cluster",
            "identity": [
              {
                "oidc": [
                  {
                    "issuer": "https://oidc.eks.us-east-1.amazonaws.com/id/0205078B98D65E5C2652E2F9B935A01D"
                  }
                ]
              }
            ],
            "kubernetes_network_config": [
              {
                "ip_family": "ipv4",
                "service_ipv4_cidr": "172.20.0.0/16",
                "service_ipv6_cidr": ""
              }
            ],
            "name": "eks-cluster",
            "outpost_config": [],
            "platform_version": "eks.12",
            "role_arn": "arn:aws:iam::875456072639:role/LabRole",
            "status": "ACTIVE",
            "tags": {
              "Name": "eks-cluster"
            },
            "tags_all": {
              "Name": "eks-cluster"
            },
            "timeouts": null,
            "upgrade_policy": [
              {
                "support_type": "EXTENDED"
              }
            ],
            "version": "1.31",
            "vpc_config": [
              {
                "cluster_security_group_id": "sg-04edd5c2f597728d5",
                "endpoint_private_access": false,
                "endpoint_public_access": true,
                "public_access_cidrs": [
                  "0.0.0.0/0"
                ],
                "security_group_ids": [],
                "subnet_ids": [
                  "subnet-0c6036aa41b4ac51d",
                  "subnet-0e8d0784e4e95c9a8"
                ],
                "vpc_id": "vpc-0cf8a9b5f41ab80a7"
              }
            ],
            "zonal_shift_config": []
          },
          "sensitive_attributes": [],
          "private": "eyJlMmJmYjczMC1lY2FhLTExZTYtOGY4OC0zNDM2M2JjN2M0YzAiOnsiY3JlYXRlIjoxODAwMDAwMDAwMDAwLCJkZWxldGUiOjkwMDAwMDAwMDAwMCwidXBkYXRlIjozNjAwMDAwMDAwMDAwfSwic2NoZW1hX3ZlcnNpb24iOiIxIn0=",
          "dependencies": [
            "aws_subnet.eks_subnet",
            "aws_vpc.main",
            "data.aws_availability_zones.available"
          ]
        }
      ]
    },
    {
      "mode": "managed",
      "type": "aws_eks_node_group",
      "name": "eks_nodegroup",
      "provider": "provider[\"registry.terraform.io/hashicorp/aws\"]",
      "instances": [
        {
          "schema_version": 0,
          "attributes": {
            "ami_type": "AL2023_x86_64_STANDARD",
            "arn": "arn:aws:eks:us-east-1:875456072639:nodegroup/eks-cluster/eks-nodegroup/96c9c155-07cc-3160-c42c-461fdd9a1050",
            "capacity_type": "ON_DEMAND",
            "cluster_name": "eks-cluster",
            "disk_size": 20,
            "force_update_version": null,
            "id": "eks-cluster:eks-nodegroup",
            "instance_types": [
              "t3.medium"
            ],
            "labels": {},
            "launch_template": [],
            "node_group_name": "eks-nodegroup",
            "node_group_name_prefix": "",
            "node_role_arn": "arn:aws:iam::875456072639:role/LabRole",
            "release_version": "1.31.2-20241121",
            "remote_access": [],
            "resources": [
              {
                "autoscaling_groups": [
                  {
                    "name": "eks-eks-nodegroup-96c9c155-07cc-3160-c42c-461fdd9a1050"
                  }
                ],
                "remote_access_security_group_id": ""
              }
            ],
            "scaling_config": [
              {
                "desired_size": 2,
                "max_size": 2,
                "min_size": 1
              }
            ],
            "status": "ACTIVE",
            "subnet_ids": [
              "subnet-0c6036aa41b4ac51d",
              "subnet-0e8d0784e4e95c9a8"
            ],
            "tags": {
              "Name": "eks-nodegroup"
            },
            "tags_all": {
              "Name": "eks-nodegroup"
            },
            "taint": [],
            "timeouts": null,
            "update_config": [
              {
                "max_unavailable": 1,
                "max_unavailable_percentage": 0
              }
            ],
            "version": "1.31"
          },
          "sensitive_attributes": [],
          "private": "eyJlMmJmYjczMC1lY2FhLTExZTYtOGY4OC0zNDM2M2JjN2M0YzAiOnsiY3JlYXRlIjozNjAwMDAwMDAwMDAwLCJkZWxldGUiOjM2MDAwMDAwMDAwMDAsInVwZGF0ZSI6MzYwMDAwMDAwMDAwMH19",
          "dependencies": [
            "aws_eks_cluster.eks_cluster",
            "aws_subnet.eks_subnet",
            "aws_vpc.main",
            "data.aws_availability_zones.available"
          ]
        }
      ]
    },
    {
      "mode": "managed",
      "type": "aws_internet_gateway",
      "name": "main",
      "provider": "provider[\"registry.terraform.io/hashicorp/aws\"]",
      "instances": [
        {
          "schema_version": 0,
          "attributes": {
            "arn": "arn:aws:ec2:us-east-1:875456072639:internet-gateway/igw-03e2ea6a56d9cb598",
            "id": "igw-03e2ea6a56d9cb598",
            "owner_id": "875456072639",
            "tags": {
              "Name": "eks-igw"
            },
            "tags_all": {
              "Name": "eks-igw"
            },
            "timeouts": null,
            "vpc_id": "vpc-0cf8a9b5f41ab80a7"
          },
          "sensitive_attributes": [],
          "private": "eyJlMmJmYjczMC1lY2FhLTExZTYtOGY4OC0zNDM2M2JjN2M0YzAiOnsiY3JlYXRlIjoxMjAwMDAwMDAwMDAwLCJkZWxldGUiOjEyMDAwMDAwMDAwMDAsInVwZGF0ZSI6MTIwMDAwMDAwMDAwMH19",
          "dependencies": [
            "aws_vpc.main"
          ]
        }
      ]
    },
    {
      "mode": "managed",
      "type": "aws_route_table",
      "name": "main",
      "provider": "provider[\"registry.terraform.io/hashicorp/aws\"]",
      "instances": [
        {
          "schema_version": 0,
          "attributes": {
            "arn": "arn:aws:ec2:us-east-1:875456072639:route-table/rtb-02960477faa1ecb2f",
            "id": "rtb-02960477faa1ecb2f",
            "owner_id": "875456072639",
            "propagating_vgws": [],
            "route": [
              {
                "carrier_gateway_id": "",
                "cidr_block": "0.0.0.0/0",
                "core_network_arn": "",
                "destination_prefix_list_id": "",
                "egress_only_gateway_id": "",
                "gateway_id": "igw-03e2ea6a56d9cb598",
                "ipv6_cidr_block": "",
                "local_gateway_id": "",
                "nat_gateway_id": "",
                "network_interface_id": "",
                "transit_gateway_id": "",
                "vpc_endpoint_id": "",
                "vpc_peering_connection_id": ""
              }
            ],
            "tags": {
              "Name": "eks-route-table"
            },
            "tags_all": {
              "Name": "eks-route-table"
            },
            "timeouts": null,
            "vpc_id": "vpc-0cf8a9b5f41ab80a7"
          },
          "sensitive_attributes": [],
          "private": "eyJlMmJmYjczMC1lY2FhLTExZTYtOGY4OC0zNDM2M2JjN2M0YzAiOnsiY3JlYXRlIjozMDAwMDAwMDAwMDAsImRlbGV0ZSI6MzAwMDAwMDAwMDAwLCJ1cGRhdGUiOjEyMDAwMDAwMDAwMH19",
          "dependencies": [
            "aws_internet_gateway.main",
            "aws_vpc.main"
          ]
        }
      ]
    },
    {
      "mode": "managed",
      "type": "aws_route_table_association",
      "name": "a",
      "provider": "provider[\"registry.terraform.io/hashicorp/aws\"]",
      "instances": [
        {
          "index_key": 0,
          "schema_version": 0,
          "attributes": {
            "gateway_id": "",
            "id": "rtbassoc-0957389dce512e201",
            "route_table_id": "rtb-02960477faa1ecb2f",
            "subnet_id": "subnet-0e8d0784e4e95c9a8",
            "timeouts": null
          },
          "sensitive_attributes": [],
          "private": "eyJlMmJmYjczMC1lY2FhLTExZTYtOGY4OC0zNDM2M2JjN2M0YzAiOnsiY3JlYXRlIjozMDAwMDAwMDAwMDAsImRlbGV0ZSI6MzAwMDAwMDAwMDAwLCJ1cGRhdGUiOjEyMDAwMDAwMDAwMH19",
          "dependencies": [
            "aws_internet_gateway.main",
            "aws_route_table.main",
            "aws_subnet.eks_subnet",
            "aws_vpc.main",
            "data.aws_availability_zones.available"
          ]
        },
        {
          "index_key": 1,
          "schema_version": 0,
          "attributes": {
            "gateway_id": "",
            "id": "rtbassoc-0627328a2903a2690",
            "route_table_id": "rtb-02960477faa1ecb2f",
            "subnet_id": "subnet-0c6036aa41b4ac51d",
            "timeouts": null
          },
          "sensitive_attributes": [],
          "private": "eyJlMmJmYjczMC1lY2FhLTExZTYtOGY4OC0zNDM2M2JjN2M0YzAiOnsiY3JlYXRlIjozMDAwMDAwMDAwMDAsImRlbGV0ZSI6MzAwMDAwMDAwMDAwLCJ1cGRhdGUiOjEyMDAwMDAwMDAwMH19",
          "dependencies": [
            "aws_internet_gateway.main",
            "aws_route_table.main",
            "aws_subnet.eks_subnet",
            "aws_vpc.main",
            "data.aws_availability_zones.available"
          ]
        }
      ]
    },
    {
      "mode": "managed",
      "type": "aws_subnet",
      "name": "eks_subnet",
      "provider": "provider[\"registry.terraform.io/hashicorp/aws\"]",
      "instances": [
        {
          "index_key": 0,
          "schema_version": 1,
          "attributes": {
            "arn": "arn:aws:ec2:us-east-1:875456072639:subnet/subnet-0e8d0784e4e95c9a8",
            "assign_ipv6_address_on_creation": false,
            "availability_zone": "us-east-1a",
            "availability_zone_id": "use1-az6",
            "cidr_block": "10.0.0.0/24",
            "customer_owned_ipv4_pool": "",
            "enable_dns64": false,
            "enable_lni_at_device_index": 0,
            "enable_resource_name_dns_a_record_on_launch": false,
            "enable_resource_name_dns_aaaa_record_on_launch": false,
            "id": "subnet-0e8d0784e4e95c9a8",
            "ipv6_cidr_block": "",
            "ipv6_cidr_block_association_id": "",
            "ipv6_native": false,
            "map_customer_owned_ip_on_launch": false,
            "map_public_ip_on_launch": true,
            "outpost_arn": "",
            "owner_id": "875456072639",
            "private_dns_hostname_type_on_launch": "ip-name",
            "tags": {
              "Name": "eks-subnet-0"
            },
            "tags_all": {
              "Name": "eks-subnet-0"
            },
            "timeouts": null,
            "vpc_id": "vpc-0cf8a9b5f41ab80a7"
          },
          "sensitive_attributes": [],
          "private": "eyJlMmJmYjczMC1lY2FhLTExZTYtOGY4OC0zNDM2M2JjN2M0YzAiOnsiY3JlYXRlIjo2MDAwMDAwMDAwMDAsImRlbGV0ZSI6MTIwMDAwMDAwMDAwMH0sInNjaGVtYV92ZXJzaW9uIjoiMSJ9",
          "dependencies": [
            "aws_vpc.main",
            "data.aws_availability_zones.available"
          ]
        },
        {
          "index_key": 1,
          "schema_version": 1,
          "attributes": {
            "arn": "arn:aws:ec2:us-east-1:875456072639:subnet/subnet-0c6036aa41b4ac51d",
            "assign_ipv6_address_on_creation": false,
            "availability_zone": "us-east-1b",
            "availability_zone_id": "use1-az1",
            "cidr_block": "10.0.1.0/24",
            "customer_owned_ipv4_pool": "",
            "enable_dns64": false,
            "enable_lni_at_device_index": 0,
            "enable_resource_name_dns_a_record_on_launch": false,
            "enable_resource_name_dns_aaaa_record_on_launch": false,
            "id": "subnet-0c6036aa41b4ac51d",
            "ipv6_cidr_block": "",
            "ipv6_cidr_block_association_id": "",
            "ipv6_native": false,
            "map_customer_owned_ip_on_launch": false,
            "map_public_ip_on_launch": true,
            "outpost_arn": "",
            "owner_id": "875456072639",
            "private_dns_hostname_type_on_launch": "ip-name",
            "tags": {
              "Name": "eks-subnet-1"
            },
            "tags_all": {
              "Name": "eks-subnet-1"
            },
            "timeouts": null,
            "vpc_id": "vpc-0cf8a9b5f41ab80a7"
          },
          "sensitive_attributes": [],
          "private": "eyJlMmJmYjczMC1lY2FhLTExZTYtOGY4OC0zNDM2M2JjN2M0YzAiOnsiY3JlYXRlIjo2MDAwMDAwMDAwMDAsImRlbGV0ZSI6MTIwMDAwMDAwMDAwMH0sInNjaGVtYV92ZXJzaW9uIjoiMSJ9",
          "dependencies": [
            "aws_vpc.main",
            "data.aws_availability_zones.available"
          ]
        }
      ]
    },
    {
      "mode": "managed",
      "type": "aws_vpc",
      "name": "main",
      "provider": "provider[\"registry.terraform.io/hashicorp/aws\"]",
      "instances": [
        {
          "schema_version": 1,
          "attributes": {
            "arn": "arn:aws:ec2:us-east-1:875456072639:vpc/vpc-0cf8a9b5f41ab80a7",
            "assign_generated_ipv6_cidr_block": false,
            "cidr_block": "10.0.0.0/16",
            "default_network_acl_id": "acl-0a58793c991758aea",
            "default_route_table_id": "rtb-087c2301e25ea700e",
            "default_security_group_id": "sg-0d38187230ab098dc",
            "dhcp_options_id": "dopt-0dbb9b78c53e397e4",
            "enable_dns_hostnames": false,
            "enable_dns_support": true,
            "enable_network_address_usage_metrics": false,
            "id": "vpc-0cf8a9b5f41ab80a7",
            "instance_tenancy": "default",
            "ipv4_ipam_pool_id": null,
            "ipv4_netmask_length": null,
            "ipv6_association_id": "",
            "ipv6_cidr_block": "",
            "ipv6_cidr_block_network_border_group": "",
            "ipv6_ipam_pool_id": "",
            "ipv6_netmask_length": 0,
            "main_route_table_id": "rtb-087c2301e25ea700e",
            "owner_id": "875456072639",
            "tags": {
              "Name": "eks-vpc"
            },
            "tags_all": {
              "Name": "eks-vpc"
            }
          },
          "sensitive_attributes": [],
          "private": "eyJzY2hlbWFfdmVyc2lvbiI6IjEifQ=="
        }
      ]
    },
    {
      "mode": "managed",
      "type": "kubernetes_pod",
      "name": "nginx",
      "provider": "provider[\"registry.terraform.io/hashicorp/kubernetes\"]",
      "instances": [
        {
          "schema_version": 1,
          "attributes": {
            "id": "default/nginx",
            "metadata": [
              {
                "annotations": {},
                "generate_name": "",
                "generation": 0,
                "labels": {
                  "app": "nginx"
                },
                "name": "nginx",
                "namespace": "default",
                "resource_version": "59627",
                "uid": "6e9e6a31-792c-44de-b1fb-058216a714ca"
              }
            ],
            "spec": [
              {
                "active_deadline_seconds": 0,
                "affinity": [],
                "automount_service_account_token": true,
                "container": [
                  {
                    "args": [],
                    "command": [],
                    "env": [],
                    "env_from": [],
                    "image": "nginx:latest",
                    "image_pull_policy": "Always",
                    "lifecycle": [],
                    "liveness_probe": [],
                    "name": "nginx",
                    "port": [],
                    "readiness_probe": [],
                    "resources": [
                      {
                        "limits": {
                          "cpu": "500m",
                          "memory": "512Mi"
                        },
                        "requests": {
                          "cpu": "250m",
                          "memory": "256Mi"
                        }
                      }
                    ],
                    "security_context": [],
                    "startup_probe": [],
                    "stdin": false,
                    "stdin_once": false,
                    "termination_message_path": "/dev/termination-log",
                    "termination_message_policy": "File",
                    "tty": false,
                    "volume_device": [],
                    "volume_mount": [],
                    "working_dir": ""
                  }
                ],
                "dns_config": [],
                "dns_policy": "ClusterFirst",
                "enable_service_links": true,
                "host_aliases": [],
                "host_ipc": false,
                "host_network": false,
                "host_pid": false,
                "hostname": "",
                "image_pull_secrets": [],
                "init_container": [],
                "node_name": "ip-10-0-0-132.ec2.internal",
                "node_selector": {},
                "os": [],
                "priority_class_name": "",
                "readiness_gate": [],
                "restart_policy": "Always",
                "runtime_class_name": "",
                "scheduler_name": "default-scheduler",
                "security_context": [],
                "service_account_name": "default",
                "share_process_namespace": false,
                "subdomain": "",
                "termination_grace_period_seconds": 30,
                "toleration": [],
                "topology_spread_constraint": [],
                "volume": []
              }
            ],
            "target_state": null,
            "timeouts": null
          },
          "sensitive_attributes": [],
          "private": "eyJlMmJmYjczMC1lY2FhLTExZTYtOGY4OC0zNDM2M2JjN2M0YzAiOnsiY3JlYXRlIjozMDAwMDAwMDAwMDAsImRlbGV0ZSI6MzAwMDAwMDAwMDAwfSwic2NoZW1hX3ZlcnNpb24iOiIxIn0=",
          "dependencies": [
            "aws_eks_cluster.eks_cluster",
            "aws_subnet.eks_subnet",
            "aws_vpc.main",
            "data.aws_availability_zones.available",
            "data.aws_eks_cluster_auth.eks_auth"
          ]
        }
      ]
    },
    {
      "mode": "managed",
      "type": "kubernetes_service",
      "name": "nginx_service",
      "provider": "provider[\"registry.terraform.io/hashicorp/kubernetes\"]",
      "instances": [
        {
          "schema_version": 1,
          "attributes": {
            "id": "default/nginx-service",
            "metadata": [
              {
                "annotations": {},
                "generate_name": "",
                "generation": 0,
                "labels": {},
                "name": "nginx-service",
                "namespace": "default",
                "resource_version": "60683",
                "uid": "643512aa-795c-47c2-ac06-e6c8e2969824"
              }
            ],
            "spec": [
              {
                "allocate_load_balancer_node_ports": true,
                "cluster_ip": "172.20.17.153",
                "cluster_ips": [
                  "172.20.17.153"
                ],
                "external_ips": [],
                "external_name": "",
                "external_traffic_policy": "Cluster",
                "health_check_node_port": 0,
                "internal_traffic_policy": "Cluster",
                "ip_families": [
                  "IPv4"
                ],
                "ip_family_policy": "SingleStack",
                "load_balancer_class": "",
                "load_balancer_ip": "",
                "load_balancer_source_ranges": [],
                "port": [
                  {
                    "app_protocol": "",
                    "name": "",
                    "node_port": 32268,
                    "port": 80,
                    "protocol": "TCP",
                    "target_port": "80"
                  }
                ],
                "publish_not_ready_addresses": false,
                "selector": {
                  "app": "nginx"
                },
                "session_affinity": "None",
                "session_affinity_config": [],
                "type": "LoadBalancer"
              }
            ],
            "status": [
              {
                "load_balancer": [
                  {
                    "ingress": [
                      {
                        "hostname": "a643512aa795c47c2ac06e6c8e296982-454150106.us-east-1.elb.amazonaws.com",
                        "ip": ""
                      }
                    ]
                  }
                ]
              }
            ],
            "timeouts": null,
            "wait_for_load_balancer": true
          },
          "sensitive_attributes": [],
          "private": "eyJlMmJmYjczMC1lY2FhLTExZTYtOGY4OC0zNDM2M2JjN2M0YzAiOnsiY3JlYXRlIjo2MDAwMDAwMDAwMDB9LCJzY2hlbWFfdmVyc2lvbiI6IjEifQ==",
          "dependencies": [
            "aws_eks_cluster.eks_cluster",
            "aws_subnet.eks_subnet",
            "aws_vpc.main",
            "data.aws_availability_zones.available",
            "data.aws_eks_cluster_auth.eks_auth"
          ]
        }
      ]
    }
  ],
  "check_results": null
}
